
Microsoft Visual Studio Solution File, Format Version 12.00
# Visual Studio Version 16
VisualStudioVersion = 16.6.30114.105
MinimumVisualStudioVersion = 10.0.40219.1
Project("{2150E333-8FDC-42A3-9474-1A3956D46DE8}") = "source", "source", "{A0137AC7-DBD2-4757-90AD-BEE5011F41E1}"
EndProject
Project("{2150E333-8FDC-42A3-9474-1A3956D46DE8}") = "src", "src", "{99F652AD-6168-46F2-B30A-B0FCE5DB31D2}"
EndProject
Project("{2150E333-8FDC-42A3-9474-1A3956D46DE8}") = "tests", "tests", "{4883C25C-59A0-470A-95A2-BCFEFABF5E3D}"
EndProject
Project("{9A19103F-16F7-4668-BE54-9A1E7A4F7556}") = "Auftragsverwaltung.Tests", "source\tests\Auftragsverwaltung.Tests\Auftragsverwaltung.Tests.csproj", "{AABA1952-6128-4012-B0A5-516E79784CD6}"
EndProject
Project("{2150E333-8FDC-42A3-9474-1A3956D46DE8}") = "docs", "docs", "{80461E0C-2A96-4BB8-A3BC-B3AC494FD257}"
EndProject
Project("{9A19103F-16F7-4668-BE54-9A1E7A4F7556}") = "Auftragsverwaltung.Infrastructure", "source\src\Auftragsverwaltung.Infrastructure\Auftragsverwaltung.Infrastructure.csproj", "{2EBFAD44-1040-4818-8F09-A53764813C2A}"
EndProject
Project("{9A19103F-16F7-4668-BE54-9A1E7A4F7556}") = "Auftragsverwaltung.Domain", "source\src\Auftragsverwaltung.Domain\Auftragsverwaltung.Domain.csproj", "{62BA7762-82CF-4772-B79C-B87500BD11C6}"
EndProject
Project("{9A19103F-16F7-4668-BE54-9A1E7A4F7556}") = "Auftragsverwaltung.Application", "source\src\Auftragsverwaltung.Application\Auftragsverwaltung.Application.csproj", "{25A18AF2-C96D-4A30-8DF6-60BF10D28657}"
EndProject
Project("{9A19103F-16F7-4668-BE54-9A1E7A4F7556}") = "Auftragsverwaltung.WPF", "source\src\Auftragsverwaltung.WPF\Auftragsverwaltung.WPF.csproj", "{A2FF0EB1-BB28-4416-9C2F-6C2C193457E5}"
EndProject
Global
	GlobalSection(SolutionConfigurationPlatforms) = preSolution
		Debug|Any CPU = Debug|Any CPU
		Debug|x64 = Debug|x64
		Debug|x86 = Debug|x86
		Release|Any CPU = Release|Any CPU
		Release|x64 = Release|x64
		Release|x86 = Release|x86
	EndGlobalSection
	GlobalSection(ProjectConfigurationPlatforms) = postSolution
		{AABA1952-6128-4012-B0A5-516E79784CD6}.Debug|Any CPU.ActiveCfg = Debug|Any CPU
		{AABA1952-6128-4012-B0A5-516E79784CD6}.Debug|Any CPU.Build.0 = Debug|Any CPU
		{AABA1952-6128-4012-B0A5-516E79784CD6}.Debug|x64.ActiveCfg = Debug|Any CPU
		{AABA1952-6128-4012-B0A5-516E79784CD6}.Debug|x64.Build.0 = Debug|Any CPU
		{AABA1952-6128-4012-B0A5-516E79784CD6}.Debug|x86.ActiveCfg = Debug|Any CPU
		{AABA1952-6128-4012-B0A5-516E79784CD6}.Debug|x86.Build.0 = Debug|Any CPU
		{AABA1952-6128-4012-B0A5-516E79784CD6}.Release|Any CPU.ActiveCfg = Release|Any CPU
		{AABA1952-6128-4012-B0A5-516E79784CD6}.Release|Any CPU.Build.0 = Release|Any CPU
		{AABA1952-6128-4012-B0A5-516E79784CD6}.Release|x64.ActiveCfg = Release|Any CPU
		{AABA1952-6128-4012-B0A5-516E79784CD6}.Release|x64.Build.0 = Release|Any CPU
		{AABA1952-6128-4012-B0A5-516E79784CD6}.Release|x86.ActiveCfg = Release|Any CPU
		{AABA1952-6128-4012-B0A5-516E79784CD6}.Release|x86.Build.0 = Release|Any CPU
		{2EBFAD44-1040-4818-8F09-A53764813C2A}.Debug|Any CPU.ActiveCfg = Debug|Any CPU
		{2EBFAD44-1040-4818-8F09-A53764813C2A}.Debug|Any CPU.Build.0 = Debug|Any CPU
		{2EBFAD44-1040-4818-8F09-A53764813C2A}.Debug|x64.ActiveCfg = Debug|Any CPU
		{2EBFAD44-1040-4818-8F09-A53764813C2A}.Debug|x64.Build.0 = Debug|Any CPU
		{2EBFAD44-1040-4818-8F09-A53764813C2A}.Debug|x86.ActiveCfg = Debug|Any CPU
		{2EBFAD44-1040-4818-8F09-A53764813C2A}.Debug|x86.Build.0 = Debug|Any CPU
		{2EBFAD44-1040-4818-8F09-A53764813C2A}.Release|Any CPU.ActiveCfg = Release|Any CPU
		{2EBFAD44-1040-4818-8F09-A53764813C2A}.Release|Any CPU.Build.0 = Release|Any CPU
		{2EBFAD44-1040-4818-8F09-A53764813C2A}.Release|x64.ActiveCfg = Release|Any CPU
		{2EBFAD44-1040-4818-8F09-A53764813C2A}.Release|x64.Build.0 = Release|Any CPU
		{2EBFAD44-1040-4818-8F09-A53764813C2A}.Release|x86.ActiveCfg = Release|Any CPU
		{2EBFAD44-1040-4818-8F09-A53764813C2A}.Release|x86.Build.0 = Release|Any CPU
		{62BA7762-82CF-4772-B79C-B87500BD11C6}.Debug|Any CPU.ActiveCfg = Debug|Any CPU
		{62BA7762-82CF-4772-B79C-B87500BD11C6}.Debug|Any CPU.Build.0 = Debug|Any CPU
		{62BA7762-82CF-4772-B79C-B87500BD11C6}.Debug|x64.ActiveCfg = Debug|Any CPU
		{62BA7762-82CF-4772-B79C-B87500BD11C6}.Debug|x64.Build.0 = Debug|Any CPU
		{62BA7762-82CF-4772-B79C-B87500BD11C6}.Debug|x86.ActiveCfg = Debug|Any CPU
		{62BA7762-82CF-4772-B79C-B87500BD11C6}.Debug|x86.Build.0 = Debug|Any CPU
		{62BA7762-82CF-4772-B79C-B87500BD11C6}.Release|Any CPU.ActiveCfg = Release|Any CPU
		{62BA7762-82CF-4772-B79C-B87500BD11C6}.Release|Any CPU.Build.0 = Release|Any CPU
		{62BA7762-82CF-4772-B79C-B87500BD11C6}.Release|x64.ActiveCfg = Release|Any CPU
		{62BA7762-82CF-4772-B79C-B87500BD11C6}.Release|x64.Build.0 = Release|Any CPU
		{62BA7762-82CF-4772-B79C-B87500BD11C6}.Release|x86.ActiveCfg = Release|Any CPU
		{62BA7762-82CF-4772-B79C-B87500BD11C6}.Release|x86.Build.0 = Release|Any CPU
		{25A18AF2-C96D-4A30-8DF6-60BF10D28657}.Debug|Any CPU.ActiveCfg = Debug|Any CPU
		{25A18AF2-C96D-4A30-8DF6-60BF10D28657}.Debug|Any CPU.Build.0 = Debug|Any CPU
		{25A18AF2-C96D-4A30-8DF6-60BF10D28657}.Debug|x64.ActiveCfg = Debug|Any CPU
		{25A18AF2-C96D-4A30-8DF6-60BF10D28657}.Debug|x64.Build.0 = Debug|Any CPU
		{25A18AF2-C96D-4A30-8DF6-60BF10D28657}.Debug|x86.ActiveCfg = Debug|Any CPU
		{25A18AF2-C96D-4A30-8DF6-60BF10D28657}.Debug|x86.Build.0 = Debug|Any CPU
		{25A18AF2-C96D-4A30-8DF6-60BF10D28657}.Release|Any CPU.ActiveCfg = Release|Any CPU
		{25A18AF2-C96D-4A30-8DF6-60BF10D28657}.Release|Any CPU.Build.0 = Release|Any CPU
		{25A18AF2-C96D-4A30-8DF6-60BF10D28657}.Release|x64.ActiveCfg = Release|Any CPU
		{25A18AF2-C96D-4A30-8DF6-60BF10D28657}.Release|x64.Build.0 = Release|Any CPU
		{25A18AF2-C96D-4A30-8DF6-60BF10D28657}.Release|x86.ActiveCfg = Release|Any CPU
		{25A18AF2-C96D-4A30-8DF6-60BF10D28657}.Release|x86.Build.0 = Release|Any CPU
		{A2FF0EB1-BB28-4416-9C2F-6C2C193457E5}.Debug|Any CPU.ActiveCfg = Debug|Any CPU
		{A2FF0EB1-BB28-4416-9C2F-6C2C193457E5}.Debug|Any CPU.Build.0 = Debug|Any CPU
		{A2FF0EB1-BB28-4416-9C2F-6C2C193457E5}.Debug|x64.ActiveCfg = Debug|Any CPU
		{A2FF0EB1-BB28-4416-9C2F-6C2C193457E5}.Debug|x64.Build.0 = Debug|Any CPU
		{A2FF0EB1-BB28-4416-9C2F-6C2C193457E5}.Debug|x86.ActiveCfg = Debug|Any CPU
		{A2FF0EB1-BB28-4416-9C2F-6C2C193457E5}.Debug|x86.Build.0 = Debug|Any CPU
		{A2FF0EB1-BB28-4416-9C2F-6C2C193457E5}.Release|Any CPU.ActiveCfg = Release|Any CPU
		{A2FF0EB1-BB28-4416-9C2F-6C2C193457E5}.Release|Any CPU.Build.0 = Release|Any CPU
		{A2FF0EB1-BB28-4416-9C2F-6C2C193457E5}.Release|x64.ActiveCfg = Release|Any CPU
		{A2FF0EB1-BB28-4416-9C2F-6C2C193457E5}.Release|x64.Build.0 = Release|Any CPU
		{A2FF0EB1-BB28-4416-9C2F-6C2C193457E5}.Release|x86.ActiveCfg = Release|Any CPU
		{A2FF0EB1-BB28-4416-9C2F-6C2C193457E5}.Release|x86.Build.0 = Release|Any CPU
	EndGlobalSection
	GlobalSection(SolutionProperties) = preSolution
		HideSolutionNode = FALSE
	EndGlobalSection
	GlobalSection(NestedProjects) = preSolution
		{99F652AD-6168-46F2-B30A-B0FCE5DB31D2} = {A0137AC7-DBD2-4757-90AD-BEE5011F41E1}
		{4883C25C-59A0-470A-95A2-BCFEFABF5E3D} = {A0137AC7-DBD2-4757-90AD-BEE5011F41E1}
		{AABA1952-6128-4012-B0A5-516E79784CD6} = {4883C25C-59A0-470A-95A2-BCFEFABF5E3D}
		{2EBFAD44-1040-4818-8F09-A53764813C2A} = {99F652AD-6168-46F2-B30A-B0FCE5DB31D2}
		{62BA7762-82CF-4772-B79C-B87500BD11C6} = {99F652AD-6168-46F2-B30A-B0FCE5DB31D2}
		{25A18AF2-C96D-4A30-8DF6-60BF10D28657} = {99F652AD-6168-46F2-B30A-B0FCE5DB31D2}
		{A2FF0EB1-BB28-4416-9C2F-6C2C193457E5} = {99F652AD-6168-46F2-B30A-B0FCE5DB31D2}
	EndGlobalSection
	GlobalSection(ExtensibilityGlobals) = postSolution
		SolutionGuid = {A74D7E4D-247E-4AC7-A9B2-F01139A1136E}
	EndGlobalSection
EndGlobal
